
Microsoft Visual Studio Solution File, Format Version 12.00
# Visual Studio 15
VisualStudioVersion = 15.0.28307.136
MinimumVisualStudioVersion = 10.0.40219.1
Project("{FAE04EC0-301F-11D3-BF4B-00C04F79EFBC}") = "WebApplication6", "WebApplication6\WebApplication6.csproj", "{ED14A889-8147-4235-9354-9C3DBBC9E53E}"
EndProject
Global
	GlobalSection(SolutionConfigurationPlatforms) = preSolution
		Debug|Any CPU = Debug|Any CPU
		Release|Any CPU = Release|Any CPU
	EndGlobalSection
	GlobalSection(ProjectConfigurationPlatforms) = postSolution
		{ED14A889-8147-4235-9354-9C3DBBC9E53E}.Debug|Any CPU.ActiveCfg = Debug|Any CPU
		{ED14A889-8147-4235-9354-9C3DBBC9E53E}.Debug|Any CPU.Build.0 = Debug|Any CPU
		{ED14A889-8147-4235-9354-9C3DBBC9E53E}.Release|Any CPU.ActiveCfg = Release|Any CPU
		{ED14A889-8147-4235-9354-9C3DBBC9E53E}.Release|Any CPU.Build.0 = Release|Any CPU
	EndGlobalSection
	GlobalSection(SolutionProperties) = preSolution
		HideSolutionNode = FALSE
	EndGlobalSection
	GlobalSection(ExtensibilityGlobals) = postSolution
		SolutionGuid = {F5209EEA-EB14-412D-8A43-0C7962BC6E2A}
	EndGlobalSection
EndGlobal
